
Microsoft Visual Studio Solution File, Format Version 12.00
Project("{FAE04EC0-301F-11D3-BF4B-00C04F79EFBC}") = "FluentScaffold.EntityFrameworkCore", "FluentScaffold.EntityFrameworkCore\FluentScaffold.EntityFrameworkCore.csproj", "{DE392251-0100-4E3B-8FBA-D50BC4E89B28}"
EndProject
Project("{FAE04EC0-301F-11D3-BF4B-00C04F79EFBC}") = "FluentScaffold.Core", "FluentScaffold.Core\FluentScaffold.Core.csproj", "{EAD7C313-2414-48ED-A88B-C87FEE3F76C1}"
EndProject
Project("{FAE04EC0-301F-11D3-BF4B-00C04F79EFBC}") = "FluentScaffold.Tests", "FluentScaffold.Tests\FluentScaffold.Tests.csproj", "{8AD731C9-846A-484A-851A-7AE35E2645FE}"
EndProject
Project("{FAE04EC0-301F-11D3-BF4B-00C04F79EFBC}") = "FluentScaffold.Autofac", "FluentScaffold.Autofac\FluentScaffold.Autofac.csproj", "{7ED3ACDF-AF75-4B03-8554-61C051097281}"
EndProject
Project("{FAE04EC0-301F-11D3-BF4B-00C04F79EFBC}") = "FluentScaffold.Specflow", "FluentScaffold.Specflow\FluentScaffold.Specflow.csproj", "{8F21F97D-42C5-404B-96EE-336A5883B34C}"
EndProject
Project("{FAE04EC0-301F-11D3-BF4B-00C04F79EFBC}") = "FluentScaffold.Specflow.Tests", "FluentScaffold.Specflow.Tests\FluentScaffold.Specflow.Tests.csproj", "{64F1F602-437E-4890-BB47-FBB8F9E04C6B}"
EndProject
Global
	GlobalSection(SolutionConfigurationPlatforms) = preSolution
		Debug|Any CPU = Debug|Any CPU
		Release|Any CPU = Release|Any CPU
	EndGlobalSection
	GlobalSection(ProjectConfigurationPlatforms) = postSolution
		{DE392251-0100-4E3B-8FBA-D50BC4E89B28}.Debug|Any CPU.ActiveCfg = Debug|Any CPU
		{DE392251-0100-4E3B-8FBA-D50BC4E89B28}.Debug|Any CPU.Build.0 = Debug|Any CPU
		{DE392251-0100-4E3B-8FBA-D50BC4E89B28}.Release|Any CPU.ActiveCfg = Release|Any CPU
		{DE392251-0100-4E3B-8FBA-D50BC4E89B28}.Release|Any CPU.Build.0 = Release|Any CPU
		{EAD7C313-2414-48ED-A88B-C87FEE3F76C1}.Debug|Any CPU.ActiveCfg = Debug|Any CPU
		{EAD7C313-2414-48ED-A88B-C87FEE3F76C1}.Debug|Any CPU.Build.0 = Debug|Any CPU
		{EAD7C313-2414-48ED-A88B-C87FEE3F76C1}.Release|Any CPU.ActiveCfg = Release|Any CPU
		{EAD7C313-2414-48ED-A88B-C87FEE3F76C1}.Release|Any CPU.Build.0 = Release|Any CPU
		{8AD731C9-846A-484A-851A-7AE35E2645FE}.Debug|Any CPU.ActiveCfg = Debug|Any CPU
		{8AD731C9-846A-484A-851A-7AE35E2645FE}.Debug|Any CPU.Build.0 = Debug|Any CPU
		{8AD731C9-846A-484A-851A-7AE35E2645FE}.Release|Any CPU.ActiveCfg = Release|Any CPU
		{8AD731C9-846A-484A-851A-7AE35E2645FE}.Release|Any CPU.Build.0 = Release|Any CPU
		{7ED3ACDF-AF75-4B03-8554-61C051097281}.Debug|Any CPU.ActiveCfg = Debug|Any CPU
		{7ED3ACDF-AF75-4B03-8554-61C051097281}.Debug|Any CPU.Build.0 = Debug|Any CPU
		{7ED3ACDF-AF75-4B03-8554-61C051097281}.Release|Any CPU.ActiveCfg = Release|Any CPU
		{7ED3ACDF-AF75-4B03-8554-61C051097281}.Release|Any CPU.Build.0 = Release|Any CPU
		{8F21F97D-42C5-404B-96EE-336A5883B34C}.Debug|Any CPU.ActiveCfg = Debug|Any CPU
		{8F21F97D-42C5-404B-96EE-336A5883B34C}.Debug|Any CPU.Build.0 = Debug|Any CPU
		{8F21F97D-42C5-404B-96EE-336A5883B34C}.Release|Any CPU.ActiveCfg = Release|Any CPU
		{8F21F97D-42C5-404B-96EE-336A5883B34C}.Release|Any CPU.Build.0 = Release|Any CPU
		{64F1F602-437E-4890-BB47-FBB8F9E04C6B}.Debug|Any CPU.ActiveCfg = Debug|Any CPU
		{64F1F602-437E-4890-BB47-FBB8F9E04C6B}.Debug|Any CPU.Build.0 = Debug|Any CPU
		{64F1F602-437E-4890-BB47-FBB8F9E04C6B}.Release|Any CPU.ActiveCfg = Release|Any CPU
		{64F1F602-437E-4890-BB47-FBB8F9E04C6B}.Release|Any CPU.Build.0 = Release|Any CPU
	EndGlobalSection
EndGlobal
